
Microsoft Visual Studio Solution File, Format Version 12.00
# Visual Studio Version 16
VisualStudioVersion = 16.0.31702.278
MinimumVisualStudioVersion = 10.0.40219.1
Project("{FAE04EC0-301F-11D3-BF4B-00C04F79EFBC}") = "Ejercicio 1b Examen", "Ejercicio 1b Examen\Ejercicio 1b Examen.csproj", "{BCEF9952-4F6E-4BAC-855A-4642857D8151}"
EndProject
Global
	GlobalSection(SolutionConfigurationPlatforms) = preSolution
		Debug|Any CPU = Debug|Any CPU
		Release|Any CPU = Release|Any CPU
	EndGlobalSection
	GlobalSection(ProjectConfigurationPlatforms) = postSolution
		{BCEF9952-4F6E-4BAC-855A-4642857D8151}.Debug|Any CPU.ActiveCfg = Debug|Any CPU
		{BCEF9952-4F6E-4BAC-855A-4642857D8151}.Debug|Any CPU.Build.0 = Debug|Any CPU
		{BCEF9952-4F6E-4BAC-855A-4642857D8151}.Release|Any CPU.ActiveCfg = Release|Any CPU
		{BCEF9952-4F6E-4BAC-855A-4642857D8151}.Release|Any CPU.Build.0 = Release|Any CPU
	EndGlobalSection
	GlobalSection(SolutionProperties) = preSolution
		HideSolutionNode = FALSE
	EndGlobalSection
	GlobalSection(ExtensibilityGlobals) = postSolution
		SolutionGuid = {D72D46AF-88F4-48C6-837D-48E6E822F87B}
	EndGlobalSection
EndGlobal
