
Microsoft Visual Studio Solution File, Format Version 12.00
# Visual Studio Version 16
VisualStudioVersion = 16.0.31702.278
MinimumVisualStudioVersion = 10.0.40219.1
Project("{FAE04EC0-301F-11D3-BF4B-00C04F79EFBC}") = "ExampleCrystalReports", "ExampleCrystalReports\ExampleCrystalReports.csproj", "{B9609833-889C-476F-8B1B-49E346817794}"
EndProject
Global
	GlobalSection(SolutionConfigurationPlatforms) = preSolution
		Debug|Any CPU = Debug|Any CPU
		Release|Any CPU = Release|Any CPU
	EndGlobalSection
	GlobalSection(ProjectConfigurationPlatforms) = postSolution
		{B9609833-889C-476F-8B1B-49E346817794}.Debug|Any CPU.ActiveCfg = Debug|Any CPU
		{B9609833-889C-476F-8B1B-49E346817794}.Debug|Any CPU.Build.0 = Debug|Any CPU
		{B9609833-889C-476F-8B1B-49E346817794}.Release|Any CPU.ActiveCfg = Release|Any CPU
		{B9609833-889C-476F-8B1B-49E346817794}.Release|Any CPU.Build.0 = Release|Any CPU
	EndGlobalSection
	GlobalSection(SolutionProperties) = preSolution
		HideSolutionNode = FALSE
	EndGlobalSection
	GlobalSection(ExtensibilityGlobals) = postSolution
		SolutionGuid = {6BD98165-CE8D-479D-B07C-5F514DE759B7}
	EndGlobalSection
EndGlobal
