
Microsoft Visual Studio Solution File, Format Version 12.00
# Visual Studio Version 16
VisualStudioVersion = 16.0.31702.278
MinimumVisualStudioVersion = 10.0.40219.1
Project("{FAE04EC0-301F-11D3-BF4B-00C04F79EFBC}") = "Ejercicio14", "Ejercicio14\Ejercicio14.csproj", "{74EFC036-B01C-4482-9B01-9855F815C29D}"
EndProject
Global
	GlobalSection(SolutionConfigurationPlatforms) = preSolution
		Debug|Any CPU = Debug|Any CPU
		Release|Any CPU = Release|Any CPU
	EndGlobalSection
	GlobalSection(ProjectConfigurationPlatforms) = postSolution
		{74EFC036-B01C-4482-9B01-9855F815C29D}.Debug|Any CPU.ActiveCfg = Debug|Any CPU
		{74EFC036-B01C-4482-9B01-9855F815C29D}.Debug|Any CPU.Build.0 = Debug|Any CPU
		{74EFC036-B01C-4482-9B01-9855F815C29D}.Release|Any CPU.ActiveCfg = Release|Any CPU
		{74EFC036-B01C-4482-9B01-9855F815C29D}.Release|Any CPU.Build.0 = Release|Any CPU
	EndGlobalSection
	GlobalSection(SolutionProperties) = preSolution
		HideSolutionNode = FALSE
	EndGlobalSection
	GlobalSection(ExtensibilityGlobals) = postSolution
		SolutionGuid = {F6C8F983-C750-4141-AEC0-42B511888CE7}
	EndGlobalSection
EndGlobal
