
Microsoft Visual Studio Solution File, Format Version 12.00
# Visual Studio Version 16
VisualStudioVersion = 16.0.31702.278
MinimumVisualStudioVersion = 10.0.40219.1
Project("{FAE04EC0-301F-11D3-BF4B-00C04F79EFBC}") = "Ejercicio22", "Ejercicio22\Ejercicio22.csproj", "{B6E73CC6-87C0-4FE5-8BFE-FA53D80FD515}"
EndProject
Global
	GlobalSection(SolutionConfigurationPlatforms) = preSolution
		Debug|Any CPU = Debug|Any CPU
		Release|Any CPU = Release|Any CPU
	EndGlobalSection
	GlobalSection(ProjectConfigurationPlatforms) = postSolution
		{B6E73CC6-87C0-4FE5-8BFE-FA53D80FD515}.Debug|Any CPU.ActiveCfg = Debug|Any CPU
		{B6E73CC6-87C0-4FE5-8BFE-FA53D80FD515}.Debug|Any CPU.Build.0 = Debug|Any CPU
		{B6E73CC6-87C0-4FE5-8BFE-FA53D80FD515}.Release|Any CPU.ActiveCfg = Release|Any CPU
		{B6E73CC6-87C0-4FE5-8BFE-FA53D80FD515}.Release|Any CPU.Build.0 = Release|Any CPU
	EndGlobalSection
	GlobalSection(SolutionProperties) = preSolution
		HideSolutionNode = FALSE
	EndGlobalSection
	GlobalSection(ExtensibilityGlobals) = postSolution
		SolutionGuid = {8F72F3C7-0A6D-41BF-AA1B-7676323EC52F}
	EndGlobalSection
EndGlobal
