
Microsoft Visual Studio Solution File, Format Version 12.00
# Visual Studio Version 16
VisualStudioVersion = 16.0.31702.278
MinimumVisualStudioVersion = 10.0.40219.1
Project("{FAE04EC0-301F-11D3-BF4B-00C04F79EFBC}") = "Ejercicio SAW", "Ejercicio SAW\Ejercicio SAW.csproj", "{824AB53A-D40B-4DF1-8366-C78DD1734D93}"
EndProject
Global
	GlobalSection(SolutionConfigurationPlatforms) = preSolution
		Debug|Any CPU = Debug|Any CPU
		Release|Any CPU = Release|Any CPU
	EndGlobalSection
	GlobalSection(ProjectConfigurationPlatforms) = postSolution
		{824AB53A-D40B-4DF1-8366-C78DD1734D93}.Debug|Any CPU.ActiveCfg = Debug|Any CPU
		{824AB53A-D40B-4DF1-8366-C78DD1734D93}.Debug|Any CPU.Build.0 = Debug|Any CPU
		{824AB53A-D40B-4DF1-8366-C78DD1734D93}.Release|Any CPU.ActiveCfg = Release|Any CPU
		{824AB53A-D40B-4DF1-8366-C78DD1734D93}.Release|Any CPU.Build.0 = Release|Any CPU
	EndGlobalSection
	GlobalSection(SolutionProperties) = preSolution
		HideSolutionNode = FALSE
	EndGlobalSection
	GlobalSection(ExtensibilityGlobals) = postSolution
		SolutionGuid = {027ED3EB-6718-4B95-AA61-026E6569DB94}
	EndGlobalSection
EndGlobal
