
Microsoft Visual Studio Solution File, Format Version 12.00
# Visual Studio Version 16
VisualStudioVersion = 16.0.31702.278
MinimumVisualStudioVersion = 10.0.40219.1
Project("{FAE04EC0-301F-11D3-BF4B-00C04F79EFBC}") = "Example1", "Example1\Example1.csproj", "{C97FAB3B-40AC-4D53-8A36-12947177CB80}"
EndProject
Global
	GlobalSection(SolutionConfigurationPlatforms) = preSolution
		Debug|Any CPU = Debug|Any CPU
		Release|Any CPU = Release|Any CPU
	EndGlobalSection
	GlobalSection(ProjectConfigurationPlatforms) = postSolution
		{C97FAB3B-40AC-4D53-8A36-12947177CB80}.Debug|Any CPU.ActiveCfg = Debug|Any CPU
		{C97FAB3B-40AC-4D53-8A36-12947177CB80}.Debug|Any CPU.Build.0 = Debug|Any CPU
		{C97FAB3B-40AC-4D53-8A36-12947177CB80}.Release|Any CPU.ActiveCfg = Release|Any CPU
		{C97FAB3B-40AC-4D53-8A36-12947177CB80}.Release|Any CPU.Build.0 = Release|Any CPU
	EndGlobalSection
	GlobalSection(SolutionProperties) = preSolution
		HideSolutionNode = FALSE
	EndGlobalSection
	GlobalSection(ExtensibilityGlobals) = postSolution
		SolutionGuid = {41DDD2B1-2ABC-4D0D-8C67-B5AC9D86922A}
	EndGlobalSection
EndGlobal
